
Microsoft Visual Studio Solution File, Format Version 12.00
# Visual Studio Version 16
VisualStudioVersion = 16.0.31702.278
MinimumVisualStudioVersion = 10.0.40219.1
Project("{FAE04EC0-301F-11D3-BF4B-00C04F79EFBC}") = "Wpf_lab6", "Wpf_lab6\Wpf_lab6.csproj", "{BE715114-BCFD-436C-8F6C-4FD990B45881}"
EndProject
Global
	GlobalSection(SolutionConfigurationPlatforms) = preSolution
		Debug|Any CPU = Debug|Any CPU
		Release|Any CPU = Release|Any CPU
	EndGlobalSection
	GlobalSection(ProjectConfigurationPlatforms) = postSolution
		{BE715114-BCFD-436C-8F6C-4FD990B45881}.Debug|Any CPU.ActiveCfg = Debug|Any CPU
		{BE715114-BCFD-436C-8F6C-4FD990B45881}.Debug|Any CPU.Build.0 = Debug|Any CPU
		{BE715114-BCFD-436C-8F6C-4FD990B45881}.Release|Any CPU.ActiveCfg = Release|Any CPU
		{BE715114-BCFD-436C-8F6C-4FD990B45881}.Release|Any CPU.Build.0 = Release|Any CPU
	EndGlobalSection
	GlobalSection(SolutionProperties) = preSolution
		HideSolutionNode = FALSE
	EndGlobalSection
	GlobalSection(ExtensibilityGlobals) = postSolution
		SolutionGuid = {25B9DC8C-9811-49F2-BC2E-155D16A8FE66}
	EndGlobalSection
EndGlobal
